
Microsoft Visual Studio Solution File, Format Version 12.00
# Visual Studio Version 17
VisualStudioVersion = 17.6.33829.357
MinimumVisualStudioVersion = 10.0.40219.1
Project("{9A19103F-16F7-4668-BE54-9A1E7A4F7556}") = "ManageFunctionAppSourceControl", "ManageFunctionAppSourceControl.csproj", "{558E30E2-15F9-4DA0-BA4C-401B0E54DBAE}"
EndProject
Global
	GlobalSection(SolutionConfigurationPlatforms) = preSolution
		Debug|Any CPU = Debug|Any CPU
		Release|Any CPU = Release|Any CPU
	EndGlobalSection
	GlobalSection(ProjectConfigurationPlatforms) = postSolution
		{558E30E2-15F9-4DA0-BA4C-401B0E54DBAE}.Debug|Any CPU.ActiveCfg = Debug|Any CPU
		{558E30E2-15F9-4DA0-BA4C-401B0E54DBAE}.Debug|Any CPU.Build.0 = Debug|Any CPU
		{558E30E2-15F9-4DA0-BA4C-401B0E54DBAE}.Release|Any CPU.ActiveCfg = Release|Any CPU
		{558E30E2-15F9-4DA0-BA4C-401B0E54DBAE}.Release|Any CPU.Build.0 = Release|Any CPU
	EndGlobalSection
	GlobalSection(SolutionProperties) = preSolution
		HideSolutionNode = FALSE
	EndGlobalSection
	GlobalSection(ExtensibilityGlobals) = postSolution
		SolutionGuid = {FCD0F978-35F3-4347-A3AF-6455BE964E3D}
	EndGlobalSection
EndGlobal
